
Microsoft Visual Studio Solution File, Format Version 12.00
# Visual Studio Version 16
VisualStudioVersion = 16.0.29519.87
MinimumVisualStudioVersion = 10.0.40219.1
Project("{9A19103F-16F7-4668-BE54-9A1E7A4F7556}") = "correios-san-andreas", "correios-san-andreas\correios-san-andreas.csproj", "{896BDA47-0B31-425F-BAE4-2DE452434E8E}"
EndProject
Project("{FAE04EC0-301F-11D3-BF4B-00C04F79EFBC}") = "Util", "Util\Util.csproj", "{DFB475C9-5C2D-442B-AFCC-673DF04FCEE5}"
EndProject
Project("{FAE04EC0-301F-11D3-BF4B-00C04F79EFBC}") = "MenorCaminhoTest", "MenorCaminhoTest\MenorCaminhoTest.csproj", "{8EF00E82-6132-479B-B343-24BD75F1E616}"
EndProject
Global
	GlobalSection(SolutionConfigurationPlatforms) = preSolution
		Debug|Any CPU = Debug|Any CPU
		Release|Any CPU = Release|Any CPU
	EndGlobalSection
	GlobalSection(ProjectConfigurationPlatforms) = postSolution
		{896BDA47-0B31-425F-BAE4-2DE452434E8E}.Debug|Any CPU.ActiveCfg = Debug|Any CPU
		{896BDA47-0B31-425F-BAE4-2DE452434E8E}.Debug|Any CPU.Build.0 = Debug|Any CPU
		{896BDA47-0B31-425F-BAE4-2DE452434E8E}.Release|Any CPU.ActiveCfg = Release|Any CPU
		{896BDA47-0B31-425F-BAE4-2DE452434E8E}.Release|Any CPU.Build.0 = Release|Any CPU
		{DFB475C9-5C2D-442B-AFCC-673DF04FCEE5}.Debug|Any CPU.ActiveCfg = Debug|Any CPU
		{DFB475C9-5C2D-442B-AFCC-673DF04FCEE5}.Debug|Any CPU.Build.0 = Debug|Any CPU
		{DFB475C9-5C2D-442B-AFCC-673DF04FCEE5}.Release|Any CPU.ActiveCfg = Release|Any CPU
		{DFB475C9-5C2D-442B-AFCC-673DF04FCEE5}.Release|Any CPU.Build.0 = Release|Any CPU
		{8EF00E82-6132-479B-B343-24BD75F1E616}.Debug|Any CPU.ActiveCfg = Debug|Any CPU
		{8EF00E82-6132-479B-B343-24BD75F1E616}.Debug|Any CPU.Build.0 = Debug|Any CPU
		{8EF00E82-6132-479B-B343-24BD75F1E616}.Release|Any CPU.ActiveCfg = Release|Any CPU
		{8EF00E82-6132-479B-B343-24BD75F1E616}.Release|Any CPU.Build.0 = Release|Any CPU
	EndGlobalSection
	GlobalSection(SolutionProperties) = preSolution
		HideSolutionNode = FALSE
	EndGlobalSection
	GlobalSection(ExtensibilityGlobals) = postSolution
		SolutionGuid = {3C8C5670-C22B-458C-9610-A40DDBD9F748}
	EndGlobalSection
EndGlobal
